
Microsoft Visual Studio Solution File, Format Version 12.00
# Visual Studio Version 17
VisualStudioVersion = 17.7.34031.279
MinimumVisualStudioVersion = 10.0.40219.1
Project("{8BC9CEB8-8B4A-11D0-8D11-00A0C91BC942}") = "D2DPrintSample", "D2DPrintSample\D2DPrintSample.vcxproj", "{1DE133DE-C5B1-4A17-870B-ACEEA1197B8F}"
EndProject
Project("{8BC9CEB8-8B4A-11D0-8D11-00A0C91BC942}") = "PrintPdf", "PrintPdf\PrintPdf.vcxproj", "{79D99A24-8EA8-46EC-A08B-0DF4BCFB9D52}"
EndProject
Project("{9A19103F-16F7-4668-BE54-9A1E7A4F7556}") = "PrintPdfManaged", "PrintPdfManaged\PrintPdfManaged.csproj", "{40D957A9-6923-4A2B-8829-2E1B395A0B43}"
EndProject
Project("{2150E333-8FDC-42A3-9474-1A3956D46DE8}") = "Solution Items", "Solution Items", "{D6EC8E98-6421-4DC3-9973-5BDC4EA46500}"
	ProjectSection(SolutionItems) = preProject
		License.md = License.md
		Readme.md = Readme.md
	EndProjectSection
EndProject
Project("{8BC9CEB8-8B4A-11D0-8D11-00A0C91BC942}") = "PdfToXps", "PdfToXps\PdfToXps.vcxproj", "{79D99A24-8EA8-46EC-A08B-0DF4BCFB9D53}"
EndProject
Project("{8BC9CEB8-8B4A-11D0-8D11-00A0C91BC942}") = "PdfToTiff", "PdfToTiff\PdfToTiff.vcxproj", "{95C4516B-7BC3-4EE6-A5A0-0117D87257F3}"
EndProject
Global
	GlobalSection(SolutionConfigurationPlatforms) = preSolution
		Debug|Any CPU = Debug|Any CPU
		Debug|x64 = Debug|x64
		Debug|x86 = Debug|x86
		Release|Any CPU = Release|Any CPU
		Release|x64 = Release|x64
		Release|x86 = Release|x86
	EndGlobalSection
	GlobalSection(ProjectConfigurationPlatforms) = postSolution
		{1DE133DE-C5B1-4A17-870B-ACEEA1197B8F}.Debug|Any CPU.ActiveCfg = Debug|x64
		{1DE133DE-C5B1-4A17-870B-ACEEA1197B8F}.Debug|Any CPU.Build.0 = Debug|x64
		{1DE133DE-C5B1-4A17-870B-ACEEA1197B8F}.Debug|x64.ActiveCfg = Debug|x64
		{1DE133DE-C5B1-4A17-870B-ACEEA1197B8F}.Debug|x64.Build.0 = Debug|x64
		{1DE133DE-C5B1-4A17-870B-ACEEA1197B8F}.Debug|x86.ActiveCfg = Debug|Win32
		{1DE133DE-C5B1-4A17-870B-ACEEA1197B8F}.Debug|x86.Build.0 = Debug|Win32
		{1DE133DE-C5B1-4A17-870B-ACEEA1197B8F}.Release|Any CPU.ActiveCfg = Release|x64
		{1DE133DE-C5B1-4A17-870B-ACEEA1197B8F}.Release|Any CPU.Build.0 = Release|x64
		{1DE133DE-C5B1-4A17-870B-ACEEA1197B8F}.Release|x64.ActiveCfg = Release|x64
		{1DE133DE-C5B1-4A17-870B-ACEEA1197B8F}.Release|x64.Build.0 = Release|x64
		{1DE133DE-C5B1-4A17-870B-ACEEA1197B8F}.Release|x86.ActiveCfg = Release|Win32
		{1DE133DE-C5B1-4A17-870B-ACEEA1197B8F}.Release|x86.Build.0 = Release|Win32
		{79D99A24-8EA8-46EC-A08B-0DF4BCFB9D52}.Debug|Any CPU.ActiveCfg = Debug|x64
		{79D99A24-8EA8-46EC-A08B-0DF4BCFB9D52}.Debug|Any CPU.Build.0 = Debug|x64
		{79D99A24-8EA8-46EC-A08B-0DF4BCFB9D52}.Debug|x64.ActiveCfg = Debug|x64
		{79D99A24-8EA8-46EC-A08B-0DF4BCFB9D52}.Debug|x64.Build.0 = Debug|x64
		{79D99A24-8EA8-46EC-A08B-0DF4BCFB9D52}.Debug|x86.ActiveCfg = Debug|Win32
		{79D99A24-8EA8-46EC-A08B-0DF4BCFB9D52}.Debug|x86.Build.0 = Debug|Win32
		{79D99A24-8EA8-46EC-A08B-0DF4BCFB9D52}.Release|Any CPU.ActiveCfg = Release|x64
		{79D99A24-8EA8-46EC-A08B-0DF4BCFB9D52}.Release|Any CPU.Build.0 = Release|x64
		{79D99A24-8EA8-46EC-A08B-0DF4BCFB9D52}.Release|x64.ActiveCfg = Release|x64
		{79D99A24-8EA8-46EC-A08B-0DF4BCFB9D52}.Release|x64.Build.0 = Release|x64
		{79D99A24-8EA8-46EC-A08B-0DF4BCFB9D52}.Release|x86.ActiveCfg = Release|Win32
		{79D99A24-8EA8-46EC-A08B-0DF4BCFB9D52}.Release|x86.Build.0 = Release|Win32
		{40D957A9-6923-4A2B-8829-2E1B395A0B43}.Debug|Any CPU.ActiveCfg = Debug|Any CPU
		{40D957A9-6923-4A2B-8829-2E1B395A0B43}.Debug|Any CPU.Build.0 = Debug|Any CPU
		{40D957A9-6923-4A2B-8829-2E1B395A0B43}.Debug|x64.ActiveCfg = Debug|Any CPU
		{40D957A9-6923-4A2B-8829-2E1B395A0B43}.Debug|x64.Build.0 = Debug|Any CPU
		{40D957A9-6923-4A2B-8829-2E1B395A0B43}.Debug|x86.ActiveCfg = Debug|Any CPU
		{40D957A9-6923-4A2B-8829-2E1B395A0B43}.Debug|x86.Build.0 = Debug|Any CPU
		{40D957A9-6923-4A2B-8829-2E1B395A0B43}.Release|Any CPU.ActiveCfg = Release|Any CPU
		{40D957A9-6923-4A2B-8829-2E1B395A0B43}.Release|Any CPU.Build.0 = Release|Any CPU
		{40D957A9-6923-4A2B-8829-2E1B395A0B43}.Release|x64.ActiveCfg = Release|Any CPU
		{40D957A9-6923-4A2B-8829-2E1B395A0B43}.Release|x64.Build.0 = Release|Any CPU
		{40D957A9-6923-4A2B-8829-2E1B395A0B43}.Release|x86.ActiveCfg = Release|Any CPU
		{40D957A9-6923-4A2B-8829-2E1B395A0B43}.Release|x86.Build.0 = Release|Any CPU
		{79D99A24-8EA8-46EC-A08B-0DF4BCFB9D53}.Debug|Any CPU.ActiveCfg = Debug|x64
		{79D99A24-8EA8-46EC-A08B-0DF4BCFB9D53}.Debug|Any CPU.Build.0 = Debug|x64
		{79D99A24-8EA8-46EC-A08B-0DF4BCFB9D53}.Debug|x64.ActiveCfg = Debug|x64
		{79D99A24-8EA8-46EC-A08B-0DF4BCFB9D53}.Debug|x64.Build.0 = Debug|x64
		{79D99A24-8EA8-46EC-A08B-0DF4BCFB9D53}.Debug|x86.ActiveCfg = Debug|Win32
		{79D99A24-8EA8-46EC-A08B-0DF4BCFB9D53}.Debug|x86.Build.0 = Debug|Win32
		{79D99A24-8EA8-46EC-A08B-0DF4BCFB9D53}.Release|Any CPU.ActiveCfg = Release|x64
		{79D99A24-8EA8-46EC-A08B-0DF4BCFB9D53}.Release|Any CPU.Build.0 = Release|x64
		{79D99A24-8EA8-46EC-A08B-0DF4BCFB9D53}.Release|x64.ActiveCfg = Release|x64
		{79D99A24-8EA8-46EC-A08B-0DF4BCFB9D53}.Release|x64.Build.0 = Release|x64
		{79D99A24-8EA8-46EC-A08B-0DF4BCFB9D53}.Release|x86.ActiveCfg = Release|Win32
		{79D99A24-8EA8-46EC-A08B-0DF4BCFB9D53}.Release|x86.Build.0 = Release|Win32
		{95C4516B-7BC3-4EE6-A5A0-0117D87257F3}.Debug|Any CPU.ActiveCfg = Debug|x64
		{95C4516B-7BC3-4EE6-A5A0-0117D87257F3}.Debug|Any CPU.Build.0 = Debug|x64
		{95C4516B-7BC3-4EE6-A5A0-0117D87257F3}.Debug|x64.ActiveCfg = Debug|x64
		{95C4516B-7BC3-4EE6-A5A0-0117D87257F3}.Debug|x64.Build.0 = Debug|x64
		{95C4516B-7BC3-4EE6-A5A0-0117D87257F3}.Debug|x86.ActiveCfg = Debug|Win32
		{95C4516B-7BC3-4EE6-A5A0-0117D87257F3}.Debug|x86.Build.0 = Debug|Win32
		{95C4516B-7BC3-4EE6-A5A0-0117D87257F3}.Release|Any CPU.ActiveCfg = Release|x64
		{95C4516B-7BC3-4EE6-A5A0-0117D87257F3}.Release|Any CPU.Build.0 = Release|x64
		{95C4516B-7BC3-4EE6-A5A0-0117D87257F3}.Release|x64.ActiveCfg = Release|x64
		{95C4516B-7BC3-4EE6-A5A0-0117D87257F3}.Release|x64.Build.0 = Release|x64
		{95C4516B-7BC3-4EE6-A5A0-0117D87257F3}.Release|x86.ActiveCfg = Release|Win32
		{95C4516B-7BC3-4EE6-A5A0-0117D87257F3}.Release|x86.Build.0 = Release|Win32
	EndGlobalSection
	GlobalSection(SolutionProperties) = preSolution
		HideSolutionNode = FALSE
	EndGlobalSection
	GlobalSection(ExtensibilityGlobals) = postSolution
		SolutionGuid = {5BEAC638-A599-4755-BD11-4CC075AB1BED}
	EndGlobalSection
EndGlobal
